// !$*UTF8*$!
{
	archiveVersion = 1;
	classes = {
	};
	objectVersion = 46;
	objects = {

/* Begin PBXBuildFile section */
		11C8CE9C1CCD60A800025667 /* SequenceHelp.cpp in Sources */ = {isa = PBXBuildFile; fileRef = 11C8CE9A1CCD60A800025667 /* SequenceHelp.cpp */; };
		7E6EFB221CCD5041005F5B1B /* test.cpp in Sources */ = {isa = PBXBuildFile; fileRef = 7E6EFB211CCD5041005F5B1B /* test.cpp */; };
		7E6EFB291CCD50E8005F5B1B /* header.cpp in Sources */ = {isa = PBXBuildFile; fileRef = 7E6EFB281CCD50E8005F5B1B /* header.cpp */; };
/* End PBXBuildFile section */

/* Begin PBXCopyFilesBuildPhase section */
		7E6EFB1C1CCD5040005F5B1B /* CopyFiles */ = {
			isa = PBXCopyFilesBuildPhase;
			buildActionMask = 2147483647;
			dstPath = /usr/share/man/man1/;
			dstSubfolderSpec = 0;
			files = (
			);
			runOnlyForDeploymentPostprocessing = 1;
		};
/* End PBXCopyFilesBuildPhase section */

/* Begin PBXFileReference section */
		11C8CE9A1CCD60A800025667 /* SequenceHelp.cpp */ = {isa = PBXFileReference; fileEncoding = 4; lastKnownFileType = sourcecode.cpp.cpp; path = SequenceHelp.cpp; sourceTree = "<group>"; };
		11C8CE9B1CCD60A800025667 /* SequenceHelp.hpp */ = {isa = PBXFileReference; fileEncoding = 4; lastKnownFileType = sourcecode.cpp.h; path = SequenceHelp.hpp; sourceTree = "<group>"; };
		11C8CE9D1CCD6B2500025667 /* MainHeader.h */ = {isa = PBXFileReference; lastKnownFileType = sourcecode.c.h; path = MainHeader.h; sourceTree = "<group>"; };
		7E6EFB1E1CCD5041005F5B1B /* TMPred */ = {isa = PBXFileReference; explicitFileType = "compiled.mach-o.executable"; includeInIndex = 0; path = TMPred; sourceTree = BUILT_PRODUCTS_DIR; };
		7E6EFB211CCD5041005F5B1B /* test.cpp */ = {isa = PBXFileReference; lastKnownFileType = sourcecode.cpp.cpp; path = test.cpp; sourceTree = "<group>"; };
		7E6EFB281CCD50E8005F5B1B /* header.cpp */ = {isa = PBXFileReference; fileEncoding = 4; lastKnownFileType = sourcecode.cpp.cpp; path = header.cpp; sourceTree = "<group>"; };
/* End PBXFileReference section */

/* Begin PBXFrameworksBuildPhase section */
		7E6EFB1B1CCD5040005F5B1B /* Frameworks */ = {
			isa = PBXFrameworksBuildPhase;
			buildActionMask = 2147483647;
			files = (
			);
			runOnlyForDeploymentPostprocessing = 0;
		};
/* End PBXFrameworksBuildPhase section */

/* Begin PBXGroup section */
		7E6EFB151CCD5040005F5B1B = {
			isa = PBXGroup;
			children = (
				7E6EFB201CCD5041005F5B1B /* TMPred */,
				7E6EFB1F1CCD5041005F5B1B /* Products */,
			);
			sourceTree = "<group>";
		};
		7E6EFB1F1CCD5041005F5B1B /* Products */ = {
			isa = PBXGroup;
			children = (
				7E6EFB1E1CCD5041005F5B1B /* TMPred */,
			);
			name = Products;
			sourceTree = "<group>";
		};
		7E6EFB201CCD5041005F5B1B /* TMPred */ = {
			isa = PBXGroup;
			children = (
				7E6EFB281CCD50E8005F5B1B /* header.cpp */,
				7E6EFB211CCD5041005F5B1B /* test.cpp */,
				11C8CE9A1CCD60A800025667 /* SequenceHelp.cpp */,
				11C8CE9B1CCD60A800025667 /* SequenceHelp.hpp */,
				11C8CE9D1CCD6B2500025667 /* MainHeader.h */,
			);
			path = TMPred;
			sourceTree = "<group>";
		};
/* End PBXGroup section */

/* Begin PBXNativeTarget section */
		7E6EFB1D1CCD5040005F5B1B /* TMPred */ = {
			isa = PBXNativeTarget;
			buildConfigurationList = 7E6EFB251CCD5041005F5B1B /* Build configuration list for PBXNativeTarget "TMPred" */;
			buildPhases = (
				7E6EFB1A1CCD5040005F5B1B /* Sources */,
				7E6EFB1B1CCD5040005F5B1B /* Frameworks */,
				7E6EFB1C1CCD5040005F5B1B /* CopyFiles */,
			);
			buildRules = (
			);
			dependencies = (
			);
			name = TMPred;
			productName = TMPred;
			productReference = 7E6EFB1E1CCD5041005F5B1B /* TMPred */;
			productType = "com.apple.product-type.tool";
		};
/* End PBXNativeTarget section */

/* Begin PBXProject section */
		7E6EFB161CCD5040005F5B1B /* Project object */ = {
			isa = PBXProject;
			attributes = {
				LastUpgradeCheck = 0730;
				ORGANIZATIONNAME = None;
				TargetAttributes = {
					7E6EFB1D1CCD5040005F5B1B = {
						CreatedOnToolsVersion = 6.3.1;
					};
				};
			};
			buildConfigurationList = 7E6EFB191CCD5040005F5B1B /* Build configuration list for PBXProject "TMPred" */;
			compatibilityVersion = "Xcode 3.2";
			developmentRegion = English;
			hasScannedForEncodings = 0;
			knownRegions = (
				en,
			);
			mainGroup = 7E6EFB151CCD5040005F5B1B;
			productRefGroup = 7E6EFB1F1CCD5041005F5B1B /* Products */;
			projectDirPath = "";
			projectRoot = "";
			targets = (
				7E6EFB1D1CCD5040005F5B1B /* TMPred */,
			);
		};
/* End PBXProject section */

/* Begin PBXSourcesBuildPhase section */
		7E6EFB1A1CCD5040005F5B1B /* Sources */ = {
			isa = PBXSourcesBuildPhase;
			buildActionMask = 2147483647;
			files = (
				7E6EFB291CCD50E8005F5B1B /* header.cpp in Sources */,
				7E6EFB221CCD5041005F5B1B /* test.cpp in Sources */,
				11C8CE9C1CCD60A800025667 /* SequenceHelp.cpp in Sources */,
			);
			runOnlyForDeploymentPostprocessing = 0;
		};
/* End PBXSourcesBuildPhase section */

/* Begin XCBuildConfiguration section */
		7E6EFB231CCD5041005F5B1B /* Debug */ = {
			isa = XCBuildConfiguration;
			buildSettings = {
				ALWAYS_SEARCH_USER_PATHS = NO;
				CLANG_CXX_LANGUAGE_STANDARD = "gnu++0x";
				CLANG_CXX_LIBRARY = "libc++";
				CLANG_ENABLE_MODULES = YES;
				CLANG_ENABLE_OBJC_ARC = YES;
				CLANG_WARN_BOOL_CONVERSION = YES;
				CLANG_WARN_CONSTANT_CONVERSION = YES;
				CLANG_WARN_DIRECT_OBJC_ISA_USAGE = YES_ERROR;
				CLANG_WARN_EMPTY_BODY = YES;
				CLANG_WARN_ENUM_CONVERSION = YES;
				CLANG_WARN_INT_CONVERSION = YES;
				CLANG_WARN_OBJC_ROOT_CLASS = YES_ERROR;
				CLANG_WARN_UNREACHABLE_CODE = YES;
				CLANG_WARN__DUPLICATE_METHOD_MATCH = YES;
				COPY_PHASE_STRIP = NO;
				DEBUG_INFORMATION_FORMAT = dwarf;
				ENABLE_STRICT_OBJC_MSGSEND = YES;
				ENABLE_TESTABILITY = YES;
				GCC_C_LANGUAGE_STANDARD = gnu99;
				GCC_DYNAMIC_NO_PIC = NO;
				GCC_NO_COMMON_BLOCKS = YES;
				GCC_OPTIMIZATION_LEVEL = 0;
				GCC_PREPROCESSOR_DEFINITIONS = (
					"DEBUG=1",
					"$(inherited)",
				);
				GCC_SYMBOLS_PRIVATE_EXTERN = NO;
				GCC_WARN_64_TO_32_BIT_CONVERSION = YES;
				GCC_WARN_ABOUT_RETURN_TYPE = YES_ERROR;
				GCC_WARN_UNDECLARED_SELECTOR = YES;
				GCC_WARN_UNINITIALIZED_AUTOS = YES_AGGRESSIVE;
				GCC_WARN_UNUSED_FUNCTION = YES;
				GCC_WARN_UNUSED_VARIABLE = YES;
				MACOSX_DEPLOYMENT_TARGET = 10.11;
				MTL_ENABLE_DEBUG_INFO = YES;
				ONLY_ACTIVE_ARCH = YES;
				SDKROOT = macosx;
			};
			name = Debug;
		};
		7E6EFB241CCD5041005F5B1B /* Release */ = {
			isa = XCBuildConfiguration;
			buildSettings = {
				ALWAYS_SEARCH_USER_PATHS = NO;
				CLANG_CXX_LANGUAGE_STANDARD = "gnu++0x";
				CLANG_CXX_LIBRARY = "libc++";
				CLANG_ENABLE_MODULES = YES;
				CLANG_ENABLE_OBJC_ARC = YES;
				CLANG_WARN_BOOL_CONVERSION = YES;
				CLANG_WARN_CONSTANT_CONVERSION = YES;
				CLANG_WARN_DIRECT_OBJC_ISA_USAGE = YES_ERROR;
				CLANG_WARN_EMPTY_BODY = YES;
				CLANG_WARN_ENUM_CONVERSION = YES;
				CLANG_WARN_INT_CONVERSION = YES;
				CLANG_WARN_OBJC_ROOT_CLASS = YES_ERROR;
				CLANG_WARN_UNREACHABLE_CODE = YES;
				CLANG_WARN__DUPLICATE_METHOD_MATCH = YES;
				COPY_PHASE_STRIP = NO;
				DEBUG_INFORMATION_FORMAT = "dwarf-with-dsym";
				ENABLE_NS_ASSERTIONS = NO;
				ENABLE_STRICT_OBJC_MSGSEND = YES;
				GCC_C_LANGUAGE_STANDARD = gnu99;
				GCC_NO_COMMON_BLOCKS = YES;
				GCC_WARN_64_TO_32_BIT_CONVERSION = YES;
				GCC_WARN_ABOUT_RETURN_TYPE = YES_ERROR;
				GCC_WARN_UNDECLARED_SELECTOR = YES;
				GCC_WARN_UNINITIALIZED_AUTOS = YES_AGGRESSIVE;
				GCC_WARN_UNUSED_FUNCTION = YES;
				GCC_WARN_UNUSED_VARIABLE = YES;
				MACOSX_DEPLOYMENT_TARGET = 10.11;
				MTL_ENABLE_DEBUG_INFO = NO;
				SDKROOT = macosx;
			};
			name = Release;
		};
		7E6EFB261CCD5041005F5B1B /* Debug */ = {
			isa = XCBuildConfiguration;
			buildSettings = {
				PRODUCT_NAME = "$(TARGET_NAME)";
			};
			name = Debug;
		};
		7E6EFB271CCD5041005F5B1B /* Release */ = {
			isa = XCBuildConfiguration;
			buildSettings = {
				PRODUCT_NAME = "$(TARGET_NAME)";
			};
			name = Release;
		};
/* End XCBuildConfiguration section */

/* Begin XCConfigurationList section */
		7E6EFB191CCD5040005F5B1B /* Build configuration list for PBXProject "TMPred" */ = {
			isa = XCConfigurationList;
			buildConfigurations = (
				7E6EFB231CCD5041005F5B1B /* Debug */,
				7E6EFB241CCD5041005F5B1B /* Release */,
			);
			defaultConfigurationIsVisible = 0;
			defaultConfigurationName = Release;
		};
		7E6EFB251CCD5041005F5B1B /* Build configuration list for PBXNativeTarget "TMPred" */ = {
			isa = XCConfigurationList;
			buildConfigurations = (
				7E6EFB261CCD5041005F5B1B /* Debug */,
				7E6EFB271CCD5041005F5B1B /* Release */,
			);
			defaultConfigurationIsVisible = 0;
			defaultConfigurationName = Release;
		};
/* End XCConfigurationList section */
	};
	rootObject = 7E6EFB161CCD5040005F5B1B /* Project object */;
}
